# THIS IS AN AUTOGENERATED FILE. DO NOT EDIT THIS FILE DIRECTLY.
# yarn lockfile v1


line-by-line@^0.1.5:
  version "0.1.5"
  resolved "https://registry.yarnpkg.com/line-by-line/-/line-by-line-0.1.5.tgz#19c45b59f0a80632c30b5c43a647fe15aab905c2"

minimist@0.0.8:
  version "0.0.8"
  resolved "https://registry.yarnpkg.com/minimist/-/minimist-0.0.8.tgz#857fcabfc3397d2625b8228262e86aa7a011b05d"

mkdirp@^0.5.1:
  version "0.5.1"
  resolved "https://registry.yarnpkg.com/mkdirp/-/mkdirp-0.5.1.tgz#30057438eac6cf7f8c4767f38648d6697d75c903"
  dependencies:
    minimist "0.0.8"

pad-number@^0.0.4:
  version "0.0.4"
  resolved "https://registry.yarnpkg.com/pad-number/-/pad-number-0.0.4.tgz#cb8fdc0e4df19c62b341f6b77ad683860f14be39"
